
Microsoft Visual Studio Solution File, Format Version 12.00
# Visual Studio Version 17
VisualStudioVersion = 17.8.34511.84
MinimumVisualStudioVersion = 10.0.40219.1
Project("{9A19103F-16F7-4668-BE54-9A1E7A4F7556}") = "FizzBuzzWithDelegate", "FizzBuzzWithDelegate\FizzBuzzWithDelegate.csproj", "{2E468DCC-98C6-434D-88D2-31CBD7221DBE}"
EndProject
Project("{9A19103F-16F7-4668-BE54-9A1E7A4F7556}") = "PredicativeDelegate", "PredicativeDelegate\PredicativeDelegate.csproj", "{F2A427FB-1F30-4D06-9A94-2F863F25B2E2}"
EndProject
Project("{9A19103F-16F7-4668-BE54-9A1E7A4F7556}") = "EventBasics", "EventBasics\EventBasics.csproj", "{CE2FE771-3030-4B51-B452-07AA65FE3276}"
EndProject
Project("{9A19103F-16F7-4668-BE54-9A1E7A4F7556}") = "ConsoleAppLearn", "ConsoleAppLearn\ConsoleAppLearn.csproj", "{BC7AE782-C695-4CC5-8B75-F88F65C24D4D}"
EndProject
Project("{9A19103F-16F7-4668-BE54-9A1E7A4F7556}") = "DelegateAdvanced", "DelegateAdvanced\DelegateAdvanced.csproj", "{56FC172B-F557-45C2-AF72-0BC9AEBA1312}"
EndProject
Project("{9A19103F-16F7-4668-BE54-9A1E7A4F7556}") = "GenericTypes", "GenericTypes\GenericTypes.csproj", "{AFE952C4-B935-44A1-91CA-2A46C9A1D370}"
EndProject
Project("{9A19103F-16F7-4668-BE54-9A1E7A4F7556}") = "ExtensionMethods", "ExtensionMethods\ExtensionMethods.csproj", "{13315980-0EA3-47ED-95CF-71307642D8FA}"
EndProject
Project("{9A19103F-16F7-4668-BE54-9A1E7A4F7556}") = "LearnGenericBasics", "LearnGenericBasics\LearnGenericBasics.csproj", "{750D35C8-397D-4CB3-8A08-944119B05A0F}"
EndProject
Project("{9A19103F-16F7-4668-BE54-9A1E7A4F7556}") = "FizzBuzz.Learn", "FizzBuzz.Learn\FizzBuzz.Learn.csproj", "{6DC3F1AD-1790-4335-A44C-476CC49940A1}"
EndProject
Project("{FAE04EC0-301F-11D3-BF4B-00C04F79EFBC}") = "ButtonApp", "ButtonApp\ButtonApp.csproj", "{C6B88DC9-4B38-42D9-8999-C57E115B4910}"
EndProject
Global
	GlobalSection(SolutionConfigurationPlatforms) = preSolution
		Debug|Any CPU = Debug|Any CPU
		Release|Any CPU = Release|Any CPU
	EndGlobalSection
	GlobalSection(ProjectConfigurationPlatforms) = postSolution
		{2E468DCC-98C6-434D-88D2-31CBD7221DBE}.Debug|Any CPU.ActiveCfg = Debug|Any CPU
		{2E468DCC-98C6-434D-88D2-31CBD7221DBE}.Debug|Any CPU.Build.0 = Debug|Any CPU
		{2E468DCC-98C6-434D-88D2-31CBD7221DBE}.Release|Any CPU.ActiveCfg = Release|Any CPU
		{2E468DCC-98C6-434D-88D2-31CBD7221DBE}.Release|Any CPU.Build.0 = Release|Any CPU
		{F2A427FB-1F30-4D06-9A94-2F863F25B2E2}.Debug|Any CPU.ActiveCfg = Debug|Any CPU
		{F2A427FB-1F30-4D06-9A94-2F863F25B2E2}.Debug|Any CPU.Build.0 = Debug|Any CPU
		{F2A427FB-1F30-4D06-9A94-2F863F25B2E2}.Release|Any CPU.ActiveCfg = Release|Any CPU
		{F2A427FB-1F30-4D06-9A94-2F863F25B2E2}.Release|Any CPU.Build.0 = Release|Any CPU
		{CE2FE771-3030-4B51-B452-07AA65FE3276}.Debug|Any CPU.ActiveCfg = Debug|Any CPU
		{CE2FE771-3030-4B51-B452-07AA65FE3276}.Debug|Any CPU.Build.0 = Debug|Any CPU
		{CE2FE771-3030-4B51-B452-07AA65FE3276}.Release|Any CPU.ActiveCfg = Release|Any CPU
		{CE2FE771-3030-4B51-B452-07AA65FE3276}.Release|Any CPU.Build.0 = Release|Any CPU
		{BC7AE782-C695-4CC5-8B75-F88F65C24D4D}.Debug|Any CPU.ActiveCfg = Debug|Any CPU
		{BC7AE782-C695-4CC5-8B75-F88F65C24D4D}.Debug|Any CPU.Build.0 = Debug|Any CPU
		{BC7AE782-C695-4CC5-8B75-F88F65C24D4D}.Release|Any CPU.ActiveCfg = Release|Any CPU
		{BC7AE782-C695-4CC5-8B75-F88F65C24D4D}.Release|Any CPU.Build.0 = Release|Any CPU
		{56FC172B-F557-45C2-AF72-0BC9AEBA1312}.Debug|Any CPU.ActiveCfg = Debug|Any CPU
		{56FC172B-F557-45C2-AF72-0BC9AEBA1312}.Debug|Any CPU.Build.0 = Debug|Any CPU
		{56FC172B-F557-45C2-AF72-0BC9AEBA1312}.Release|Any CPU.ActiveCfg = Release|Any CPU
		{56FC172B-F557-45C2-AF72-0BC9AEBA1312}.Release|Any CPU.Build.0 = Release|Any CPU
		{AFE952C4-B935-44A1-91CA-2A46C9A1D370}.Debug|Any CPU.ActiveCfg = Debug|Any CPU
		{AFE952C4-B935-44A1-91CA-2A46C9A1D370}.Debug|Any CPU.Build.0 = Debug|Any CPU
		{AFE952C4-B935-44A1-91CA-2A46C9A1D370}.Release|Any CPU.ActiveCfg = Release|Any CPU
		{AFE952C4-B935-44A1-91CA-2A46C9A1D370}.Release|Any CPU.Build.0 = Release|Any CPU
		{13315980-0EA3-47ED-95CF-71307642D8FA}.Debug|Any CPU.ActiveCfg = Debug|Any CPU
		{13315980-0EA3-47ED-95CF-71307642D8FA}.Debug|Any CPU.Build.0 = Debug|Any CPU
		{13315980-0EA3-47ED-95CF-71307642D8FA}.Release|Any CPU.ActiveCfg = Release|Any CPU
		{13315980-0EA3-47ED-95CF-71307642D8FA}.Release|Any CPU.Build.0 = Release|Any CPU
		{750D35C8-397D-4CB3-8A08-944119B05A0F}.Debug|Any CPU.ActiveCfg = Debug|Any CPU
		{750D35C8-397D-4CB3-8A08-944119B05A0F}.Debug|Any CPU.Build.0 = Debug|Any CPU
		{750D35C8-397D-4CB3-8A08-944119B05A0F}.Release|Any CPU.ActiveCfg = Release|Any CPU
		{750D35C8-397D-4CB3-8A08-944119B05A0F}.Release|Any CPU.Build.0 = Release|Any CPU
		{6DC3F1AD-1790-4335-A44C-476CC49940A1}.Debug|Any CPU.ActiveCfg = Debug|Any CPU
		{6DC3F1AD-1790-4335-A44C-476CC49940A1}.Debug|Any CPU.Build.0 = Debug|Any CPU
		{6DC3F1AD-1790-4335-A44C-476CC49940A1}.Release|Any CPU.ActiveCfg = Release|Any CPU
		{6DC3F1AD-1790-4335-A44C-476CC49940A1}.Release|Any CPU.Build.0 = Release|Any CPU
		{C6B88DC9-4B38-42D9-8999-C57E115B4910}.Debug|Any CPU.ActiveCfg = Debug|Any CPU
		{C6B88DC9-4B38-42D9-8999-C57E115B4910}.Debug|Any CPU.Build.0 = Debug|Any CPU
		{C6B88DC9-4B38-42D9-8999-C57E115B4910}.Release|Any CPU.ActiveCfg = Release|Any CPU
		{C6B88DC9-4B38-42D9-8999-C57E115B4910}.Release|Any CPU.Build.0 = Release|Any CPU
	EndGlobalSection
	GlobalSection(SolutionProperties) = preSolution
		HideSolutionNode = FALSE
	EndGlobalSection
	GlobalSection(ExtensibilityGlobals) = postSolution
		SolutionGuid = {64613CCE-90A2-43BC-A77E-A52199E9F2CC}
	EndGlobalSection
EndGlobal
